{
  "name": "qrc",
  "version": "1.0.0",
  "lockfileVersion": 1,
  "requires": true,
  "dependencies": {
    "@types/bson": {
      "version": "4.0.3",
      "resolved": "https://registry.npmjs.org/@types/bson/-/bson-4.0.3.tgz",
      "integrity": "sha512-mVRvYnTOZJz3ccpxhr3wgxVmSeiYinW+zlzQz3SXWaJmD1DuL05Jeq7nKw3SnbKmbleW5qrLG5vdyWe/A9sXhw==",
      "requires": {
        "@types/node": "*"
      }
    },
    "@types/mongodb": {
      "version": "3.5.33",
      "resolved": "https://registry.npmjs.org/@types/mongodb/-/mongodb-3.5.33.tgz",
      "integrity": "sha512-biMkaYFyUP8jNczbi2BgtvVfiEtPZ+NTf+Jz4LmsQjO+Zk+kx1WNjz8gNArWlA/5DXVwMVWgIFtbj6Tslt1yWw==",
      "requires": {
        "@types/bson": "*",
        "@types/node": "*"
      }
    },
    "@types/mongoose": {
      "version": "5.7.37",
      "resolved": "https://registry.npmjs.org/@types/mongoose/-/mongoose-5.7.37.tgz",
      "integrity": "sha512-PRAZiDZvo3D1Dzs1xtFQBT8YTZIXI9MexkTWyTwIy6C/6jAEGQen2ayg4NjHhjM+5eE4isHq0vbUjzzVWu2qJQ==",
      "requires": {
        "@types/mongodb": "*",
        "@types/node": "*"
      }
    },
    "@types/node": {
      "version": "14.14.6",
      "resolved": "https://registry.npmjs.org/@types/node/-/node-14.14.6.tgz",
      "integrity": "sha512-6QlRuqsQ/Ox/aJEQWBEJG7A9+u7oSYl3mem/K8IzxXG/kAGbV1YPD9Bg9Zw3vyxC/YP+zONKwy8hGkSt1jxFMw=="
    }
  }
}
